{
    "_readme": [
        "This file locks the dependencies of your project to a known state",
        "Read more about it at https://getcomposer.org/doc/01-basic-usage.md#composer-lock-the-lock-file",
        "This file is @generated automatically"
    ],
    "hash": "909159b9b8eac7b9da7710877b0647d6",
    "content-hash": "df0ab4e3318f0fa66fbcd9e4e3aee3d1",
    "packages": [
        {
            "name": "colymba/gridfield-bulk-editing-tools",
            "version": "dev-master",
            "source": {
                "type": "git",
                "url": "https://github.com/colymba/GridFieldBulkEditingTools.git",
                "reference": "79cead517f5774ea902ad1e3f63995f813dd64f3"
            },
            "dist": {
                "type": "zip",
                "url": "https://api.github.com/repos/colymba/GridFieldBulkEditingTools/zipball/79cead517f5774ea902ad1e3f63995f813dd64f3",
                "reference": "79cead517f5774ea902ad1e3f63995f813dd64f3",
                "shasum": ""
            },
            "require": {
                "silverstripe/framework": ">=3.1"
            },
            "type": "silverstripe-module",
            "notification-url": "https://packagist.org/downloads/",
            "license": [
                "BSD Simplified"
            ],
            "authors": [
                {
                    "name": "Thierry Francois",
                    "homepage": "http://colymba.com"
                },
                {
                    "name": "GitHub contributors",
                    "homepage": "https://github.com/colymba/GridFieldBulkEditingTools/contributors"
                }
            ],
            "description": "SilverStripe 3 GridField component to upload images and edit records in bulk",
            "homepage": "https://github.com/colymba/GridFieldBulkEditingTools",
            "keywords": [
                "Image upload",
                "bulk upload",
                "gridfield bulk upload",
                "silverstripe"
            ],
            "time": "2015-09-21 08:52:21"
        },
        {
            "name": "composer/installers",
            "version": "v1.0.22",
            "source": {
                "type": "git",
                "url": "https://github.com/composer/installers.git",
                "reference": "bd9b14f094c89c8b5804a4e41edeb7853bb85046"
            },
            "dist": {
                "type": "zip",
                "url": "https://api.github.com/repos/composer/installers/zipball/bd9b14f094c89c8b5804a4e41edeb7853bb85046",
                "reference": "bd9b14f094c89c8b5804a4e41edeb7853bb85046",
                "shasum": ""
            },
            "require": {
                "composer-plugin-api": "1.0.0"
            },
            "replace": {
                "roundcube/plugin-installer": "*",
                "shama/baton": "*"
            },
            "require-dev": {
                "composer/composer": "1.0.*@dev",
                "phpunit/phpunit": "4.1.*"
            },
            "type": "composer-plugin",
            "extra": {
                "class": "Composer\\Installers\\Plugin",
                "branch-alias": {
                    "dev-master": "1.0-dev"
                }
            },
            "autoload": {
                "psr-0": {
                    "Composer\\Installers\\": "src/"
                }
            },
            "notification-url": "https://packagist.org/downloads/",
            "license": [
                "MIT"
            ],
            "authors": [
                {
                    "name": "Kyle Robinson Young",
                    "email": "kyle@dontkry.com",
                    "homepage": "https://github.com/shama"
                }
            ],
            "description": "A multi-framework Composer library installer",
            "homepage": "http://composer.github.com/installers/",
            "keywords": [
                "Craft",
                "Dolibarr",
                "Hurad",
                "MODX Evo",
                "OXID",
                "SMF",
                "Thelia",
                "WolfCMS",
                "agl",
                "aimeos",
                "annotatecms",
                "bitrix",
                "cakephp",
                "chef",
                "codeigniter",
                "concrete5",
                "croogo",
                "dokuwiki",
                "drupal",
                "elgg",
                "fuelphp",
                "grav",
                "installer",
                "joomla",
                "kohana",
                "laravel",
                "lithium",
                "magento",
                "mako",
                "mediawiki",
                "modulework",
                "moodle",
                "phpbb",
                "piwik",
                "ppi",
                "puppet",
                "roundcube",
                "shopware",
                "silverstripe",
                "symfony",
                "typo3",
                "wordpress",
                "zend",
                "zikula"
            ],
            "time": "2015-10-29 23:28:48"
        },
        {
            "name": "embed/embed",
            "version": "v2.2.7",
            "source": {
                "type": "git",
                "url": "https://github.com/oscarotero/Embed.git",
                "reference": "75736ec8928e1d27929105ef9902a08d52ec5b34"
            },
            "dist": {
                "type": "zip",
                "url": "https://api.github.com/repos/oscarotero/Embed/zipball/75736ec8928e1d27929105ef9902a08d52ec5b34",
                "reference": "75736ec8928e1d27929105ef9902a08d52ec5b34",
                "shasum": ""
            },
            "require": {
                "ext-curl": "*",
                "php": ">=5.4.0"
            },
            "require-dev": {
                "phpunit/phpunit": "~4.0"
            },
            "type": "library",
            "autoload": {
                "psr-4": {
                    "Embed\\": "src"
                }
            },
            "notification-url": "https://packagist.org/downloads/",
            "license": [
                "MIT"
            ],
            "authors": [
                {
                    "name": "Oscar Otero",
                    "email": "oom@oscarotero.com",
                    "homepage": "http://oscarotero.com",
                    "role": "Developer"
                }
            ],
            "description": "PHP library to retrieve page info using oembed, opengraph, etc",
            "homepage": "https://github.com/oscarotero/Embed",
            "keywords": [
                "embed",
                "embedly",
                "oembed",
                "opengraph",
                "twitter cards"
            ],
            "time": "2015-06-27 17:19:54"
        },
        {
            "name": "guzzlehttp/guzzle",
            "version": "6.1.1",
            "source": {
                "type": "git",
                "url": "https://github.com/guzzle/guzzle.git",
                "reference": "c6851d6e48f63b69357cbfa55bca116448140e0c"
            },
            "dist": {
                "type": "zip",
                "url": "https://api.github.com/repos/guzzle/guzzle/zipball/c6851d6e48f63b69357cbfa55bca116448140e0c",
                "reference": "c6851d6e48f63b69357cbfa55bca116448140e0c",
                "shasum": ""
            },
            "require": {
                "guzzlehttp/promises": "~1.0",
                "guzzlehttp/psr7": "~1.1",
                "php": ">=5.5.0"
            },
            "require-dev": {
                "ext-curl": "*",
                "phpunit/phpunit": "~4.0",
                "psr/log": "~1.0"
            },
            "type": "library",
            "extra": {
                "branch-alias": {
                    "dev-master": "6.1-dev"
                }
            },
            "autoload": {
                "files": [
                    "src/functions_include.php"
                ],
                "psr-4": {
                    "GuzzleHttp\\": "src/"
                }
            },
            "notification-url": "https://packagist.org/downloads/",
            "license": [
                "MIT"
            ],
            "authors": [
                {
                    "name": "Michael Dowling",
                    "email": "mtdowling@gmail.com",
                    "homepage": "https://github.com/mtdowling"
                }
            ],
            "description": "Guzzle is a PHP HTTP client library",
            "homepage": "http://guzzlephp.org/",
            "keywords": [
                "client",
                "curl",
                "framework",
                "http",
                "http client",
                "rest",
                "web service"
            ],
            "time": "2015-11-23 00:47:50"
        },
        {
            "name": "guzzlehttp/promises",
            "version": "1.0.3",
            "source": {
                "type": "git",
                "url": "https://github.com/guzzle/promises.git",
                "reference": "b1e1c0d55f8083c71eda2c28c12a228d708294ea"
            },
            "dist": {
                "type": "zip",
                "url": "https://api.github.com/repos/guzzle/promises/zipball/b1e1c0d55f8083c71eda2c28c12a228d708294ea",
                "reference": "b1e1c0d55f8083c71eda2c28c12a228d708294ea",
                "shasum": ""
            },
            "require": {
                "php": ">=5.5.0"
            },
            "require-dev": {
                "phpunit/phpunit": "~4.0"
            },
            "type": "library",
            "extra": {
                "branch-alias": {
                    "dev-master": "1.0-dev"
                }
            },
            "autoload": {
                "psr-4": {
                    "GuzzleHttp\\Promise\\": "src/"
                },
                "files": [
                    "src/functions_include.php"
                ]
            },
            "notification-url": "https://packagist.org/downloads/",
            "license": [
                "MIT"
            ],
            "authors": [
                {
                    "name": "Michael Dowling",
                    "email": "mtdowling@gmail.com",
                    "homepage": "https://github.com/mtdowling"
                }
            ],
            "description": "Guzzle promises library",
            "keywords": [
                "promise"
            ],
            "time": "2015-10-15 22:28:00"
        },
        {
            "name": "guzzlehttp/psr7",
            "version": "1.2.1",
            "source": {
                "type": "git",
                "url": "https://github.com/guzzle/psr7.git",
                "reference": "4d0bdbe1206df7440219ce14c972aa57cc5e4982"
            },
            "dist": {
                "type": "zip",
                "url": "https://api.github.com/repos/guzzle/psr7/zipball/4d0bdbe1206df7440219ce14c972aa57cc5e4982",
                "reference": "4d0bdbe1206df7440219ce14c972aa57cc5e4982",
                "shasum": ""
            },
            "require": {
                "php": ">=5.4.0",
                "psr/http-message": "~1.0"
            },
            "provide": {
                "psr/http-message-implementation": "1.0"
            },
            "require-dev": {
                "phpunit/phpunit": "~4.0"
            },
            "type": "library",
            "extra": {
                "branch-alias": {
                    "dev-master": "1.0-dev"
                }
            },
            "autoload": {
                "psr-4": {
                    "GuzzleHttp\\Psr7\\": "src/"
                },
                "files": [
                    "src/functions_include.php"
                ]
            },
            "notification-url": "https://packagist.org/downloads/",
            "license": [
                "MIT"
            ],
            "authors": [
                {
                    "name": "Michael Dowling",
                    "email": "mtdowling@gmail.com",
                    "homepage": "https://github.com/mtdowling"
                }
            ],
            "description": "PSR-7 message implementation",
            "keywords": [
                "http",
                "message",
                "stream",
                "uri"
            ],
            "time": "2015-11-03 01:34:55"
        },
        {
            "name": "jonom/focuspoint",
            "version": "dev-master",
            "source": {
                "type": "git",
                "url": "https://github.com/jonom/silverstripe-focuspoint.git",
                "reference": "ebcae0e527dc939b92e1d1c10ec30c00336b3ed7"
            },
            "dist": {
                "type": "zip",
                "url": "https://api.github.com/repos/jonom/silverstripe-focuspoint/zipball/ebcae0e527dc939b92e1d1c10ec30c00336b3ed7",
                "reference": "ebcae0e527dc939b92e1d1c10ec30c00336b3ed7",
                "shasum": ""
            },
            "require": {
                "silverstripe/framework": "~3.1"
            },
            "type": "silverstripe-module",
            "notification-url": "https://packagist.org/downloads/",
            "license": [
                "BSD-3-Clause"
            ],
            "authors": [
                {
                    "name": "Jonathon Menz",
                    "homepage": "http://jonathonmenz.com"
                }
            ],
            "description": "Smarter automatic image cropping for SilverStripe",
            "keywords": [
                "crop",
                "cropping",
                "focus",
                "focuspoint",
                "image",
                "silverstripe"
            ],
            "time": "2015-11-06 17:11:45"
        },
        {
            "name": "kinglozzer/metatitle",
            "version": "1.0.2",
            "source": {
                "type": "git",
                "url": "https://github.com/kinglozzer/silverstripe-metatitle.git",
                "reference": "530d3c55469f159c73d1431c736b945fbdad4aeb"
            },
            "dist": {
                "type": "zip",
                "url": "https://api.github.com/repos/kinglozzer/silverstripe-metatitle/zipball/530d3c55469f159c73d1431c736b945fbdad4aeb",
                "reference": "530d3c55469f159c73d1431c736b945fbdad4aeb",
                "shasum": ""
            },
            "require": {
                "silverstripe/cms": "~3.1",
                "silverstripe/framework": "~3.1"
            },
            "type": "silverstripe-module",
            "notification-url": "https://packagist.org/downloads/",
            "license": [
                "BSD-3-Clause"
            ],
            "authors": [
                {
                    "name": "Loz Calver",
                    "email": "lozcalver@bigfork.co.uk"
                }
            ],
            "description": "Re-adds the 'MetaTitle' field for SilverStripe 3.1",
            "homepage": "https://github.com/kinglozzer/silverstripe-metatitle",
            "keywords": [
                "meta",
                "metatitle",
                "silverstripe",
                "title"
            ],
            "time": "2015-01-09 14:02:28"
        },
        {
            "name": "lekoala/silverstripe-mandrill",
            "version": "1.1.1",
            "source": {
                "type": "git",
                "url": "https://github.com/lekoala/silverstripe-mandrill.git",
                "reference": "e7ca7588eb0004bb6527a38e5057824dc38f1493"
            },
            "dist": {
                "type": "zip",
                "url": "https://api.github.com/repos/lekoala/silverstripe-mandrill/zipball/e7ca7588eb0004bb6527a38e5057824dc38f1493",
                "reference": "e7ca7588eb0004bb6527a38e5057824dc38f1493",
                "shasum": ""
            },
            "require": {
                "silverstripe/framework": "~3.1"
            },
            "suggest": {
                "lekoala/silverstripe-form-extras": "Better form fields"
            },
            "type": "silverstripe-module",
            "extra": {
                "installer-name": "mandrill"
            },
            "notification-url": "https://packagist.org/downloads/",
            "license": [
                "BSD-3-Clause"
            ],
            "authors": [
                {
                    "name": "LeKoala",
                    "email": "thomas@lekoala.be"
                }
            ],
            "description": "Adds mandrill in the SilverStripe CMS",
            "keywords": [
                "cms",
                "mandrill",
                "module",
                "silverstripe"
            ],
            "time": "2015-10-06 15:02:23"
        },
        {
            "name": "plato-creative/plato-genericlogin",
            "version": "3.1.1",
            "source": {
                "type": "git",
                "url": "git@github.com:PlatoCreative/plato-genericlogin.git",
                "reference": "38140e690cf0e447570890d81e877962f9bd65c2"
            },
            "dist": {
                "type": "zip",
                "url": "https://api.github.com/repos/PlatoCreative/plato-genericlogin/zipball/38140e690cf0e447570890d81e877962f9bd65c2",
                "reference": "38140e690cf0e447570890d81e877962f9bd65c2",
                "shasum": ""
            },
            "require": {
                "guzzlehttp/guzzle": "6.1.*",
                "silverstripe/cms": "~3.1",
                "silverstripe/framework": "~3.1"
            },
            "type": "silverstripe-module",
            "license": [
                "BSD-3-Clause"
            ],
            "authors": [
                {
                    "name": "Plato Creative",
                    "email": "info@platocreative.co.nz"
                }
            ],
            "description": "Module for managing a generic admin login",
            "support": {
                "source": "https://github.com/PlatoCreative/plato-genericlogin/tree/3.1.1",
                "issues": "https://github.com/PlatoCreative/plato-genericlogin/issues"
            },
            "time": "2015-11-03 20:54:31"
        },
        {
            "name": "plato-creative/plato-userforms-extensions",
            "version": "dev-master",
            "source": {
                "type": "git",
                "url": "https://github.com/PlatoCreative/plato-userforms-extensions.git",
                "reference": "8858e85a38eb42a853f2da60120de1aa9f36321c"
            },
            "dist": {
                "type": "zip",
                "url": "https://api.github.com/repos/PlatoCreative/plato-userforms-extensions/zipball/8858e85a38eb42a853f2da60120de1aa9f36321c",
                "reference": "8858e85a38eb42a853f2da60120de1aa9f36321c",
                "shasum": ""
            },
            "require": {
                "silverstripe/cms": "~3.1",
                "silverstripe/framework": "~3.1",
                "silverstripe/userforms": "@stable"
            },
            "type": "silverstripe-module",
            "extra": {
                "installer-name": "plato-userforms"
            },
            "notification-url": "https://packagist.org/downloads/",
            "authors": [
                {
                    "name": "Plato Creative",
                    "email": "web@platocreative.co.nz"
                }
            ],
            "description": "Custom Extensions of the UserForm module specifically for Plato",
            "homepage": "https://github.com/PlatoCreative/plato-userforms-extensions",
            "keywords": [
                "plato"
            ],
            "time": "2015-10-18 22:18:17"
        },
        {
            "name": "plato-creative/plato-welcome",
            "version": "dev-master",
            "source": {
                "type": "git",
                "url": "https://github.com/PlatoCreative/plato-welcome.git",
                "reference": "4972a6a18bf018ad0c340dd2102ecadf8949bf29"
            },
            "dist": {
                "type": "zip",
                "url": "https://api.github.com/repos/PlatoCreative/plato-welcome/zipball/4972a6a18bf018ad0c340dd2102ecadf8949bf29",
                "reference": "4972a6a18bf018ad0c340dd2102ecadf8949bf29",
                "shasum": ""
            },
            "require": {
                "php": ">=5.3.0",
                "silverstripe/framework": "3.*"
            },
            "type": "silverstripe-module",
            "notification-url": "https://packagist.org/downloads/",
            "description": "Welcome screen for Silverstripe CMS",
            "keywords": [
                "loading",
                "plato creative",
                "silverstripe",
                "welcome"
            ],
            "time": "2015-10-15 21:40:40"
        },
        {
            "name": "psr/http-message",
            "version": "1.0",
            "source": {
                "type": "git",
                "url": "https://github.com/php-fig/http-message.git",
                "reference": "85d63699f0dbedb190bbd4b0d2b9dc707ea4c298"
            },
            "dist": {
                "type": "zip",
                "url": "https://api.github.com/repos/php-fig/http-message/zipball/85d63699f0dbedb190bbd4b0d2b9dc707ea4c298",
                "reference": "85d63699f0dbedb190bbd4b0d2b9dc707ea4c298",
                "shasum": ""
            },
            "require": {
                "php": ">=5.3.0"
            },
            "type": "library",
            "extra": {
                "branch-alias": {
                    "dev-master": "1.0.x-dev"
                }
            },
            "autoload": {
                "psr-4": {
                    "Psr\\Http\\Message\\": "src/"
                }
            },
            "notification-url": "https://packagist.org/downloads/",
            "license": [
                "MIT"
            ],
            "authors": [
                {
                    "name": "PHP-FIG",
                    "homepage": "http://www.php-fig.org/"
                }
            ],
            "description": "Common interface for HTTP messages",
            "keywords": [
                "http",
                "http-message",
                "psr",
                "psr-7",
                "request",
                "response"
            ],
            "time": "2015-05-04 20:22:00"
        },
        {
            "name": "sheadawson/silverstripe-linkable",
            "version": "dev-master",
            "source": {
                "type": "git",
                "url": "https://github.com/sheadawson/silverstripe-linkable.git",
                "reference": "78d82413f0e4fedb9bdca5065281378d09e922c6"
            },
            "dist": {
                "type": "zip",
                "url": "https://api.github.com/repos/sheadawson/silverstripe-linkable/zipball/78d82413f0e4fedb9bdca5065281378d09e922c6",
                "reference": "78d82413f0e4fedb9bdca5065281378d09e922c6",
                "shasum": ""
            },
            "require": {
                "embed/embed": "~2.2.2",
                "php": ">=5.3.2",
                "silverstripe/cms": "3.2.*",
                "silverstripe/framework": "3.2.*",
                "unclecheese/display-logic": "1.3.*"
            },
            "type": "silverstripe-module",
            "extra": {
                "installer-name": "linkable",
                "branch-alias": {
                    "dev-master": "1.2.x-dev"
                }
            },
            "notification-url": "https://packagist.org/downloads/",
            "license": [
                "BSD-3-Clause"
            ],
            "authors": [
                {
                    "name": "Marcus Nyeholt",
                    "email": "marcus@silverstripe.com.au"
                },
                {
                    "name": "Shea Dawson",
                    "email": "shea@silverstripe.com.au"
                }
            ],
            "description": "A couple of handy form fields and objects for managing external and internal links on DataObjects",
            "homepage": "http://github.com/sheadawson/silverstripe-linkable",
            "keywords": [
                "cms",
                "link",
                "silverstripe"
            ],
            "time": "2015-11-26 01:54:39"
        },
        {
            "name": "silverstripe-australia/gridfieldextensions",
            "version": "1.3.0",
            "source": {
                "type": "git",
                "url": "https://github.com/silverstripe-australia/silverstripe-gridfieldextensions.git",
                "reference": "ef57799a6898f4eeb1fe3ee2ab1eb2e0f58e5f9f"
            },
            "dist": {
                "type": "zip",
                "url": "https://api.github.com/repos/silverstripe-australia/silverstripe-gridfieldextensions/zipball/ef57799a6898f4eeb1fe3ee2ab1eb2e0f58e5f9f",
                "reference": "ef57799a6898f4eeb1fe3ee2ab1eb2e0f58e5f9f",
                "shasum": ""
            },
            "require": {
                "silverstripe/framework": "~3.1"
            },
            "replace": {
                "ajshort/silverstripe-gridfieldextensions": "self.version"
            },
            "type": "silverstripe-module",
            "extra": {
                "installer-name": "gridfieldextensions",
                "branch-alias": {
                    "dev-master": "1.2.x-dev"
                },
                "screenshots": [
                    "docs/en/_images/editable-rows.png",
                    "docs/en/_images/add-existing-search.png"
                ]
            },
            "notification-url": "https://packagist.org/downloads/",
            "license": [
                "BSD-3-Clause"
            ],
            "authors": [
                {
                    "name": "Marcus Nyeholt",
                    "email": "marcus@silverstripe.com.au"
                },
                {
                    "name": "Andrew Short",
                    "email": "andrewjshort@gmail.com"
                }
            ],
            "description": "A collection of useful grid field components",
            "homepage": "http://github.com/silverstripe-australia/silverstripe-gridfieldextensions",
            "keywords": [
                "gridfield",
                "silverstripe"
            ],
            "time": "2015-11-17 15:02:18"
        },
        {
            "name": "silverstripe/cms",
            "version": "3.2.1",
            "source": {
                "type": "git",
                "url": "https://github.com/silverstripe/silverstripe-cms.git",
                "reference": "a40c8e034af4e145b788d7561b092fe8f09c7c58"
            },
            "dist": {
                "type": "zip",
                "url": "https://api.github.com/repos/silverstripe/silverstripe-cms/zipball/a40c8e034af4e145b788d7561b092fe8f09c7c58",
                "reference": "a40c8e034af4e145b788d7561b092fe8f09c7c58",
                "shasum": ""
            },
            "require": {
                "composer/installers": "*",
                "php": ">=5.3.3",
                "silverstripe/framework": "~3.2",
                "silverstripe/reports": "~3.2",
                "silverstripe/siteconfig": "~3.2"
            },
            "type": "silverstripe-module",
            "autoload": {
                "classmap": [
                    "tests/behat/"
                ]
            },
            "notification-url": "https://packagist.org/downloads/",
            "license": [
                "BSD-3-Clause"
            ],
            "authors": [
                {
                    "name": "SilverStripe",
                    "homepage": "http://silverstripe.com"
                },
                {
                    "name": "The SilverStripe Community",
                    "homepage": "http://silverstripe.org"
                }
            ],
            "description": "The SilverStripe Content Management System",
            "homepage": "http://silverstripe.org",
            "keywords": [
                "cms",
                "silverstripe"
            ],
            "time": "2015-11-16 03:01:51"
        },
        {
            "name": "silverstripe/framework",
            "version": "3.2.1",
            "source": {
                "type": "git",
                "url": "https://github.com/silverstripe/silverstripe-framework.git",
                "reference": "0178fa5a1873a0f1d6100268c86dab81a18c23a5"
            },
            "dist": {
                "type": "zip",
                "url": "https://api.github.com/repos/silverstripe/silverstripe-framework/zipball/0178fa5a1873a0f1d6100268c86dab81a18c23a5",
                "reference": "0178fa5a1873a0f1d6100268c86dab81a18c23a5",
                "shasum": ""
            },
            "require": {
                "composer/installers": "~1.0",
                "php": ">=5.3.3,<7"
            },
            "require-dev": {
                "phpunit/phpunit": "~3.7"
            },
            "type": "silverstripe-module",
            "autoload": {
                "classmap": [
                    "tests/behat/features/bootstrap"
                ]
            },
            "notification-url": "https://packagist.org/downloads/",
            "license": [
                "BSD-3-Clause"
            ],
            "authors": [
                {
                    "name": "SilverStripe",
                    "homepage": "http://silverstripe.com"
                },
                {
                    "name": "The SilverStripe Community",
                    "homepage": "http://silverstripe.org"
                }
            ],
            "description": "The SilverStripe framework",
            "homepage": "http://silverstripe.org",
            "keywords": [
                "framework",
                "silverstripe"
            ],
            "time": "2015-11-16 03:17:10"
        },
        {
            "name": "silverstripe/googlesitemaps",
            "version": "dev-master",
            "source": {
                "type": "git",
                "url": "https://github.com/silverstripe-labs/silverstripe-googlesitemaps.git",
                "reference": "dd41e39484eac2f961a2f5036fc645b4b1e55b4f"
            },
            "dist": {
                "type": "zip",
                "url": "https://api.github.com/repos/silverstripe-labs/silverstripe-googlesitemaps/zipball/dd41e39484eac2f961a2f5036fc645b4b1e55b4f",
                "reference": "dd41e39484eac2f961a2f5036fc645b4b1e55b4f",
                "shasum": ""
            },
            "require": {
                "silverstripe/framework": "~3.1"
            },
            "type": "silverstripe-module",
            "notification-url": "https://packagist.org/downloads/",
            "license": [
                "BSD"
            ],
            "authors": [
                {
                    "name": "Will Rossiter",
                    "email": "will@fullscreen.io"
                }
            ],
            "description": "SilverStripe support for the Google Sitemaps XML system, enabling Google and other search engines to see all urls on your site. This helps your SilverStripe website rank well in search engines, and to encourage the information on your site to be discovered by Google quickly.",
            "homepage": "https://github.com/silverstripe-labs/silverstripe-googlesitemaps",
            "keywords": [
                "googlesitemaps",
                "seo",
                "silverstripe"
            ],
            "time": "2015-10-17 04:29:29"
        },
        {
            "name": "silverstripe/reports",
            "version": "3.2.1",
            "source": {
                "type": "git",
                "url": "https://github.com/silverstripe-labs/silverstripe-reports.git",
                "reference": "1580db4a9dd3de31417d2181d9d26e11db50dffa"
            },
            "dist": {
                "type": "zip",
                "url": "https://api.github.com/repos/silverstripe-labs/silverstripe-reports/zipball/1580db4a9dd3de31417d2181d9d26e11db50dffa",
                "reference": "1580db4a9dd3de31417d2181d9d26e11db50dffa",
                "shasum": ""
            },
            "require": {
                "php": ">=5.3.3",
                "silverstripe/framework": "~3.2"
            },
            "require-dev": {
                "phpunit/phpunit": "~3.7"
            },
            "type": "silverstripe-module",
            "notification-url": "https://packagist.org/downloads/",
            "license": [
                "BSD-3-Clause"
            ],
            "authors": [
                {
                    "name": "SilverStripe",
                    "homepage": "http://silverstripe.com"
                },
                {
                    "name": "The SilverStripe Community",
                    "homepage": "http://silverstripe.org"
                }
            ],
            "homepage": "http://silverstripe.org",
            "keywords": [
                "cms",
                "reports",
                "silverstripe"
            ],
            "time": "2015-11-10 04:43:37"
        },
        {
            "name": "silverstripe/secureassets",
            "version": "1.0.5",
            "source": {
                "type": "git",
                "url": "https://github.com/silverstripe-labs/silverstripe-secureassets.git",
                "reference": "2696ec5a2b80ef59d4df95edaec272c674c836c6"
            },
            "dist": {
                "type": "zip",
                "url": "https://api.github.com/repos/silverstripe-labs/silverstripe-secureassets/zipball/2696ec5a2b80ef59d4df95edaec272c674c836c6",
                "reference": "2696ec5a2b80ef59d4df95edaec272c674c836c6",
                "shasum": ""
            },
            "require": {
                "silverstripe/framework": "~3.1"
            },
            "suggest": {
                "silverstripe/cms": "Allows you to easily edit file permissions in the CMS"
            },
            "type": "silverstripe-module",
            "extra": {
                "branch-alias": {
                    "dev-master": "1.0.x-dev"
                }
            },
            "notification-url": "https://packagist.org/downloads/",
            "license": [
                "BSD-3-Clause"
            ],
            "authors": [
                {
                    "name": "Sean Harvey",
                    "email": "sean@silverstripe.com"
                }
            ],
            "description": "Adds access restrictions to folders in assets, similar to the way you secure pages",
            "homepage": "http://silverstripe.org",
            "keywords": [
                "assets",
                "files",
                "secure",
                "silverstripe"
            ],
            "time": "2015-11-19 01:47:13"
        },
        {
            "name": "silverstripe/segment-field",
            "version": "1.0.3",
            "source": {
                "type": "git",
                "url": "https://github.com/assertchris/silverstripe-segment-field.git",
                "reference": "0b1445307bac488ddc35d624564f4300e8080029"
            },
            "dist": {
                "type": "zip",
                "url": "https://api.github.com/repos/assertchris/silverstripe-segment-field/zipball/0b1445307bac488ddc35d624564f4300e8080029",
                "reference": "0b1445307bac488ddc35d624564f4300e8080029",
                "shasum": ""
            },
            "require": {
                "silverstripe/cms": "^3.1",
                "silverstripe/framework": "^3.1"
            },
            "require-dev": {
                "mockery/mockery": "^0.9",
                "phpunit/phpunit": "^3.7"
            },
            "type": "silverstripe-module",
            "autoload": {
                "psr-4": {
                    "SilverStripe\\Forms\\": "code"
                }
            },
            "notification-url": "https://packagist.org/downloads/",
            "license": [
                "MIT"
            ],
            "description": "A reusable approach to segment-generating fields",
            "keywords": [
                "segment",
                "silverstripe"
            ],
            "time": "2015-08-18 04:44:43"
        },
        {
            "name": "silverstripe/siteconfig",
            "version": "3.2.1",
            "source": {
                "type": "git",
                "url": "https://github.com/silverstripe/silverstripe-siteconfig.git",
                "reference": "a13ab435d448fc4334b1333a20b85d223636bb5f"
            },
            "dist": {
                "type": "zip",
                "url": "https://api.github.com/repos/silverstripe/silverstripe-siteconfig/zipball/a13ab435d448fc4334b1333a20b85d223636bb5f",
                "reference": "a13ab435d448fc4334b1333a20b85d223636bb5f",
                "shasum": ""
            },
            "require": {
                "silverstripe/framework": "*"
            },
            "type": "silverstripe-module",
            "extra": {
                "branch-alias": {
                    "3.x-dev": "3.2.x-dev"
                }
            },
            "autoload": {
                "classmap": [
                    "tests/behat/"
                ]
            },
            "notification-url": "https://packagist.org/downloads/",
            "authors": [
                {
                    "name": "Will Rossiter",
                    "email": "will@fullscreen.io"
                }
            ],
            "description": "Site wide settings administration.",
            "keywords": [
                "silverstripe",
                "siteconfig"
            ],
            "time": "2015-11-16 03:01:52"
        },
        {
            "name": "silverstripe/userforms",
            "version": "3.1.0",
            "source": {
                "type": "git",
                "url": "https://github.com/silverstripe/silverstripe-userforms.git",
                "reference": "f180a1e8b9497c861ec42818ae500aa536d7c465"
            },
            "dist": {
                "type": "zip",
                "url": "https://api.github.com/repos/silverstripe/silverstripe-userforms/zipball/f180a1e8b9497c861ec42818ae500aa536d7c465",
                "reference": "f180a1e8b9497c861ec42818ae500aa536d7c465",
                "shasum": ""
            },
            "require": {
                "silverstripe-australia/gridfieldextensions": "~1.1",
                "silverstripe/cms": "~3.1",
                "silverstripe/framework": "~3.1",
                "silverstripe/segment-field": "^1.0"
            },
            "suggest": {
                "colymba/gridfield-bulk-editing-tools": "Allows for bulk management of form submissions",
                "silverstripe/secureassets": "Enables files uploaded via userforms to be secured from public access"
            },
            "type": "silverstripe-module",
            "extra": {
                "branch-alias": {
                    "dev-master": "3.1.x-dev"
                }
            },
            "notification-url": "https://packagist.org/downloads/",
            "license": [
                "BSD-3-Clause"
            ],
            "authors": [
                {
                    "name": "David Craig",
                    "email": "david@silverstripe.com"
                },
                {
                    "name": "Damian Mooyman",
                    "email": "damian@silverstripe.com"
                },
                {
                    "name": "Will Rossiter",
                    "email": "will@fullscreen.io"
                },
                {
                    "name": "Christopher Pitt",
                    "email": "chris@silverstripe.com"
                },
                {
                    "name": "Scott Hutchinson",
                    "email": "scott@silverstripe.com"
                }
            ],
            "description": "UserForms enables CMS users to create dynamic forms via a drag and drop interface and without getting involved in any PHP code",
            "keywords": [
                "silverstripe",
                "userforms"
            ],
            "time": "2015-11-19 20:56:29"
        },
        {
            "name": "thisisbd/silverstripe-fontawesome-iconpickerfield",
            "version": "dev-master",
            "source": {
                "type": "git",
                "url": "https://github.com/thisisbd/silverstripe-fontawesome-iconpickerfield.git",
                "reference": "ea41ac396fda14e4809d12dda64601b7f3f3785d"
            },
            "dist": {
                "type": "zip",
                "url": "https://api.github.com/repos/thisisbd/silverstripe-fontawesome-iconpickerfield/zipball/ea41ac396fda14e4809d12dda64601b7f3f3785d",
                "reference": "ea41ac396fda14e4809d12dda64601b7f3f3785d",
                "shasum": ""
            },
            "require": {
                "silverstripe/cms": "~3.1",
                "silverstripe/framework": "~3.1"
            },
            "type": "silverstripe-module",
            "extra": {
                "installer-name": "fontawesome-iconpickerfield"
            },
            "notification-url": "https://packagist.org/downloads/",
            "license": [
                "BSD-3-Clause"
            ],
            "authors": [
                {
                    "name": "Darren-Lee Joseph",
                    "email": "darrenleejoseph@gmail.com"
                }
            ],
            "description": "Font Awesome Icon Picker for SilverStripe 3.1.x based on http://mjolnic.com/fontawesome-iconpicker",
            "homepage": "http://github.com/thisisbd/silverstripe-fontawesome-iconpickerfield",
            "keywords": [
                "font awesome",
                "icon picker",
                "silverstripe"
            ],
            "time": "2015-07-16 22:18:36"
        },
        {
            "name": "tractorcow/silverstripe-robots",
            "version": "3.0.0",
            "source": {
                "type": "git",
                "url": "https://github.com/tractorcow/silverstripe-robots.git",
                "reference": "d548a167739f94c6ce5a3af566cea51c8be1991e"
            },
            "dist": {
                "type": "zip",
                "url": "https://api.github.com/repos/tractorcow/silverstripe-robots/zipball/d548a167739f94c6ce5a3af566cea51c8be1991e",
                "reference": "d548a167739f94c6ce5a3af566cea51c8be1991e",
                "shasum": ""
            },
            "require": {
                "composer/installers": "*",
                "silverstripe/framework": "3.*"
            },
            "suggest": {
                "silverstripe/googlesitemaps": "Ensures that a valid sitemap.xml is generated and referenced within robots.txt"
            },
            "type": "silverstripe-module",
            "extra": {
                "installer-name": "robots"
            },
            "notification-url": "https://packagist.org/downloads/",
            "license": [
                "BSD-3-Clause"
            ],
            "authors": [
                {
                    "name": "Damian Mooyman",
                    "email": "damian.mooyman@gmail.com"
                }
            ],
            "description": "Simple robots generation module for Silverstripe",
            "keywords": [
                "robots",
                "silverstripe"
            ],
            "time": "2015-09-29 04:44:57"
        },
        {
            "name": "unclecheese/betterbuttons",
            "version": "1.2.8",
            "source": {
                "type": "git",
                "url": "https://github.com/unclecheese/silverstripe-gridfield-betterbuttons.git",
                "reference": "b78f3c7449651ba2acefe4000f161e17384fcad3"
            },
            "dist": {
                "type": "zip",
                "url": "https://api.github.com/repos/unclecheese/silverstripe-gridfield-betterbuttons/zipball/b78f3c7449651ba2acefe4000f161e17384fcad3",
                "reference": "b78f3c7449651ba2acefe4000f161e17384fcad3",
                "shasum": ""
            },
            "require": {
                "silverstripe/framework": "~3.1"
            },
            "type": "silverstripe-module",
            "notification-url": "https://packagist.org/downloads/",
            "license": [
                "BSD-3-Clause"
            ],
            "authors": [
                {
                    "name": "Uncle Cheese",
                    "email": "unclecheese@leftandmain.com"
                }
            ],
            "description": "Adds new form actions and buttons to GridField detail form for usability enhancements.",
            "keywords": [
                "buttons",
                "gridfield",
                "silverstripe"
            ],
            "time": "2015-02-09 02:07:59"
        },
        {
            "name": "unclecheese/display-logic",
            "version": "1.3.1",
            "source": {
                "type": "git",
                "url": "https://github.com/unclecheese/silverstripe-display-logic.git",
                "reference": "6f8870aeddc56821d00cabdf6d9d9f040ae90c4c"
            },
            "dist": {
                "type": "zip",
                "url": "https://api.github.com/repos/unclecheese/silverstripe-display-logic/zipball/6f8870aeddc56821d00cabdf6d9d9f040ae90c4c",
                "reference": "6f8870aeddc56821d00cabdf6d9d9f040ae90c4c",
                "shasum": ""
            },
            "require": {
                "silverstripe/framework": "3.2.*"
            },
            "replace": {
                "silverstripe/display-logic": "*"
            },
            "type": "silverstripe-module",
            "extra": {
                "installer-name": "display_logic"
            },
            "notification-url": "https://packagist.org/downloads/",
            "license": [
                "BSD-3-Clause"
            ],
            "authors": [
                {
                    "name": "Uncle Cheese",
                    "email": "unclecheese@leftandmain.com"
                }
            ],
            "description": "Allows assignment of conditions for display and hide of specific form fields based on client side behavior.",
            "keywords": [
                "Forms",
                "cms",
                "display",
                "logic",
                "silverstripe"
            ],
            "time": "2015-10-30 08:29:38"
        },
        {
            "name": "undefinedoffset/sortablegridfield",
            "version": "dev-master",
            "source": {
                "type": "git",
                "url": "https://github.com/UndefinedOffset/SortableGridField.git",
                "reference": "b21e008b944ad11a12c6c9279b576cb65bf4ce42"
            },
            "dist": {
                "type": "zip",
                "url": "https://api.github.com/repos/UndefinedOffset/SortableGridField/zipball/b21e008b944ad11a12c6c9279b576cb65bf4ce42",
                "reference": "b21e008b944ad11a12c6c9279b576cb65bf4ce42",
                "shasum": ""
            },
            "require": {
                "composer/installers": "*",
                "silverstripe/framework": ">=3.0.1,<3.3"
            },
            "type": "silverstripe-module",
            "extra": {
                "installer-name": "sortablegridfield"
            },
            "notification-url": "https://packagist.org/downloads/",
            "license": [
                "BSD-3-Clause"
            ],
            "authors": [
                {
                    "name": "Ed Chipman",
                    "homepage": "http://www.edchipman.ca",
                    "role": "Developer"
                }
            ],
            "description": "Adds drag and drop functionality to SilverStripe 3.0's GridField",
            "keywords": [
                "gridfield",
                "silverstripe"
            ],
            "time": "2015-11-16 14:54:24"
        }
    ],
    "packages-dev": [],
    "aliases": [],
    "minimum-stability": "dev",
    "stability-flags": {
        "plato-creative/plato-welcome": 20,
        "colymba/gridfield-bulk-editing-tools": 20,
        "silverstripe/userforms": 0,
        "plato-creative/plato-userforms-extensions": 20,
        "undefinedoffset/sortablegridfield": 20,
        "silverstripe/googlesitemaps": 20,
        "tractorcow/silverstripe-robots": 20,
        "jonom/focuspoint": 20,
        "sheadawson/silverstripe-linkable": 20,
        "thisisbd/silverstripe-fontawesome-iconpickerfield": 20
    },
    "prefer-stable": true,
    "prefer-lowest": false,
    "platform": {
        "php": ">=5.3.3"
    },
    "platform-dev": []
}
